// !$*UTF8*$!
{
	archiveVersion = 1;
	classes = {
	};
	objectVersion = 46;
	objects = {

/* Begin PBXBuildFile section */
		7B031A5F1E88C52000892A98 /* AppDelegate.swift in Sources */ = {isa = PBXBuildFile; fileRef = 7B031A5E1E88C52000892A98 /* AppDelegate.swift */; };
		7B031A661E88C52000892A98 /* Assets.xcassets in Resources */ = {isa = PBXBuildFile; fileRef = 7B031A651E88C52000892A98 /* Assets.xcassets */; };
		7B031A691E88C52000892A98 /* LaunchScreen.storyboard in Resources */ = {isa = PBXBuildFile; fileRef = 7B031A671E88C52000892A98 /* LaunchScreen.storyboard */; };
		7B031A741E88C52000892A98 /* JSONTutorialFinalTests.swift in Sources */ = {isa = PBXBuildFile; fileRef = 7B031A731E88C52000892A98 /* JSONTutorialFinalTests.swift */; };
		7B031A7F1E88C52000892A98 /* JSONTutorialFinalUITests.swift in Sources */ = {isa = PBXBuildFile; fileRef = 7B031A7E1E88C52000892A98 /* JSONTutorialFinalUITests.swift */; };
		7B031A911E88C58D00892A98 /* MovieFeedVC.swift in Sources */ = {isa = PBXBuildFile; fileRef = 7B031A901E88C58D00892A98 /* MovieFeedVC.swift */; };
		7B031A931E88C59900892A98 /* MovieCell.swift in Sources */ = {isa = PBXBuildFile; fileRef = 7B031A921E88C59900892A98 /* MovieCell.swift */; };
		7B031A951E88C5A100892A98 /* Movie.swift in Sources */ = {isa = PBXBuildFile; fileRef = 7B031A941E88C5A100892A98 /* Movie.swift */; };
		7B031A971E88C9AD00892A98 /* MovieViewModel.swift in Sources */ = {isa = PBXBuildFile; fileRef = 7B031A961E88C9AD00892A98 /* MovieViewModel.swift */; };
/* End PBXBuildFile section */

/* Begin PBXContainerItemProxy section */
		7B031A701E88C52000892A98 /* PBXContainerItemProxy */ = {
			isa = PBXContainerItemProxy;
			containerPortal = 7B031A531E88C52000892A98 /* Project object */;
			proxyType = 1;
			remoteGlobalIDString = 7B031A5A1E88C52000892A98;
			remoteInfo = JSONTutorialFinal;
		};
		7B031A7B1E88C52000892A98 /* PBXContainerItemProxy */ = {
			isa = PBXContainerItemProxy;
			containerPortal = 7B031A531E88C52000892A98 /* Project object */;
			proxyType = 1;
			remoteGlobalIDString = 7B031A5A1E88C52000892A98;
			remoteInfo = JSONTutorialFinal;
		};
/* End PBXContainerItemProxy section */

/* Begin PBXFileReference section */
		7B031A5B1E88C52000892A98 /* JSONTutorialFinal.app */ = {isa = PBXFileReference; explicitFileType = wrapper.application; includeInIndex = 0; path = JSONTutorialFinal.app; sourceTree = BUILT_PRODUCTS_DIR; };
		7B031A5E1E88C52000892A98 /* AppDelegate.swift */ = {isa = PBXFileReference; lastKnownFileType = sourcecode.swift; path = AppDelegate.swift; sourceTree = "<group>"; };
		7B031A651E88C52000892A98 /* Assets.xcassets */ = {isa = PBXFileReference; lastKnownFileType = folder.assetcatalog; path = Assets.xcassets; sourceTree = "<group>"; };
		7B031A681E88C52000892A98 /* Base */ = {isa = PBXFileReference; lastKnownFileType = file.storyboard; name = Base; path = Base.lproj/LaunchScreen.storyboard; sourceTree = "<group>"; };
		7B031A6A1E88C52000892A98 /* Info.plist */ = {isa = PBXFileReference; lastKnownFileType = text.plist.xml; path = Info.plist; sourceTree = "<group>"; };
		7B031A6F1E88C52000892A98 /* JSONTutorialFinalTests.xctest */ = {isa = PBXFileReference; explicitFileType = wrapper.cfbundle; includeInIndex = 0; path = JSONTutorialFinalTests.xctest; sourceTree = BUILT_PRODUCTS_DIR; };
		7B031A731E88C52000892A98 /* JSONTutorialFinalTests.swift */ = {isa = PBXFileReference; lastKnownFileType = sourcecode.swift; path = JSONTutorialFinalTests.swift; sourceTree = "<group>"; };
		7B031A751E88C52000892A98 /* Info.plist */ = {isa = PBXFileReference; lastKnownFileType = text.plist.xml; path = Info.plist; sourceTree = "<group>"; };
		7B031A7A1E88C52000892A98 /* JSONTutorialFinalUITests.xctest */ = {isa = PBXFileReference; explicitFileType = wrapper.cfbundle; includeInIndex = 0; path = JSONTutorialFinalUITests.xctest; sourceTree = BUILT_PRODUCTS_DIR; };
		7B031A7E1E88C52000892A98 /* JSONTutorialFinalUITests.swift */ = {isa = PBXFileReference; lastKnownFileType = sourcecode.swift; path = JSONTutorialFinalUITests.swift; sourceTree = "<group>"; };
		7B031A801E88C52000892A98 /* Info.plist */ = {isa = PBXFileReference; lastKnownFileType = text.plist.xml; path = Info.plist; sourceTree = "<group>"; };
		7B031A901E88C58D00892A98 /* MovieFeedVC.swift */ = {isa = PBXFileReference; fileEncoding = 4; lastKnownFileType = sourcecode.swift; path = MovieFeedVC.swift; sourceTree = "<group>"; };
		7B031A921E88C59900892A98 /* MovieCell.swift */ = {isa = PBXFileReference; fileEncoding = 4; lastKnownFileType = sourcecode.swift; path = MovieCell.swift; sourceTree = "<group>"; };
		7B031A941E88C5A100892A98 /* Movie.swift */ = {isa = PBXFileReference; fileEncoding = 4; lastKnownFileType = sourcecode.swift; path = Movie.swift; sourceTree = "<group>"; };
		7B031A961E88C9AD00892A98 /* MovieViewModel.swift */ = {isa = PBXFileReference; fileEncoding = 4; lastKnownFileType = sourcecode.swift; path = MovieViewModel.swift; sourceTree = "<group>"; };
/* End PBXFileReference section */

/* Begin PBXFrameworksBuildPhase section */
		7B031A581E88C52000892A98 /* Frameworks */ = {
			isa = PBXFrameworksBuildPhase;
			buildActionMask = 2147483647;
			files = (
			);
			runOnlyForDeploymentPostprocessing = 0;
		};
		7B031A6C1E88C52000892A98 /* Frameworks */ = {
			isa = PBXFrameworksBuildPhase;
			buildActionMask = 2147483647;
			files = (
			);
			runOnlyForDeploymentPostprocessing = 0;
		};
		7B031A771E88C52000892A98 /* Frameworks */ = {
			isa = PBXFrameworksBuildPhase;
			buildActionMask = 2147483647;
			files = (
			);
			runOnlyForDeploymentPostprocessing = 0;
		};
/* End PBXFrameworksBuildPhase section */

/* Begin PBXGroup section */
		7B031A521E88C52000892A98 = {
			isa = PBXGroup;
			children = (
				7B031A5D1E88C52000892A98 /* JSONTutorialFinal */,
				7B031A721E88C52000892A98 /* JSONTutorialFinalTests */,
				7B031A7D1E88C52000892A98 /* JSONTutorialFinalUITests */,
				7B031A5C1E88C52000892A98 /* Products */,
			);
			sourceTree = "<group>";
		};
		7B031A5C1E88C52000892A98 /* Products */ = {
			isa = PBXGroup;
			children = (
				7B031A5B1E88C52000892A98 /* JSONTutorialFinal.app */,
				7B031A6F1E88C52000892A98 /* JSONTutorialFinalTests.xctest */,
				7B031A7A1E88C52000892A98 /* JSONTutorialFinalUITests.xctest */,
			);
			name = Products;
			sourceTree = "<group>";
		};
		7B031A5D1E88C52000892A98 /* JSONTutorialFinal */ = {
			isa = PBXGroup;
			children = (
				7B031A5E1E88C52000892A98 /* AppDelegate.swift */,
				7B031A8F1E88C55F00892A98 /* View */,
				7B031A8E1E88C55500892A98 /* Controller */,
				7B031A8D1E88C54E00892A98 /* ViewModel */,
				7B031A8C1E88C54600892A98 /* Model */,
				7B031A651E88C52000892A98 /* Assets.xcassets */,
				7B031A671E88C52000892A98 /* LaunchScreen.storyboard */,
				7B031A6A1E88C52000892A98 /* Info.plist */,
			);
			path = JSONTutorialFinal;
			sourceTree = "<group>";
		};
		7B031A721E88C52000892A98 /* JSONTutorialFinalTests */ = {
			isa = PBXGroup;
			children = (
				7B031A731E88C52000892A98 /* JSONTutorialFinalTests.swift */,
				7B031A751E88C52000892A98 /* Info.plist */,
			);
			path = JSONTutorialFinalTests;
			sourceTree = "<group>";
		};
		7B031A7D1E88C52000892A98 /* JSONTutorialFinalUITests */ = {
			isa = PBXGroup;
			children = (
				7B031A7E1E88C52000892A98 /* JSONTutorialFinalUITests.swift */,
				7B031A801E88C52000892A98 /* Info.plist */,
			);
			path = JSONTutorialFinalUITests;
			sourceTree = "<group>";
		};
		7B031A8C1E88C54600892A98 /* Model */ = {
			isa = PBXGroup;
			children = (
				7B031A941E88C5A100892A98 /* Movie.swift */,
			);
			name = Model;
			sourceTree = "<group>";
		};
		7B031A8D1E88C54E00892A98 /* ViewModel */ = {
			isa = PBXGroup;
			children = (
				7B031A961E88C9AD00892A98 /* MovieViewModel.swift */,
			);
			name = ViewModel;
			sourceTree = "<group>";
		};
		7B031A8E1E88C55500892A98 /* Controller */ = {
			isa = PBXGroup;
			children = (
				7B031A901E88C58D00892A98 /* MovieFeedVC.swift */,
			);
			name = Controller;
			sourceTree = "<group>";
		};
		7B031A8F1E88C55F00892A98 /* View */ = {
			isa = PBXGroup;
			children = (
				7B031A921E88C59900892A98 /* MovieCell.swift */,
			);
			name = View;
			sourceTree = "<group>";
		};
/* End PBXGroup section */

/* Begin PBXNativeTarget section */
		7B031A5A1E88C52000892A98 /* JSONTutorialFinal */ = {
			isa = PBXNativeTarget;
			buildConfigurationList = 7B031A831E88C52000892A98 /* Build configuration list for PBXNativeTarget "JSONTutorialFinal" */;
			buildPhases = (
				7B031A571E88C52000892A98 /* Sources */,
				7B031A581E88C52000892A98 /* Frameworks */,
				7B031A591E88C52000892A98 /* Resources */,
			);
			buildRules = (
			);
			dependencies = (
			);
			name = JSONTutorialFinal;
			productName = JSONTutorialFinal;
			productReference = 7B031A5B1E88C52000892A98 /* JSONTutorialFinal.app */;
			productType = "com.apple.product-type.application";
		};
		7B031A6E1E88C52000892A98 /* JSONTutorialFinalTests */ = {
			isa = PBXNativeTarget;
			buildConfigurationList = 7B031A861E88C52000892A98 /* Build configuration list for PBXNativeTarget "JSONTutorialFinalTests" */;
			buildPhases = (
				7B031A6B1E88C52000892A98 /* Sources */,
				7B031A6C1E88C52000892A98 /* Frameworks */,
				7B031A6D1E88C52000892A98 /* Resources */,
			);
			buildRules = (
			);
			dependencies = (
				7B031A711E88C52000892A98 /* PBXTargetDependency */,
			);
			name = JSONTutorialFinalTests;
			productName = JSONTutorialFinalTests;
			productReference = 7B031A6F1E88C52000892A98 /* JSONTutorialFinalTests.xctest */;
			productType = "com.apple.product-type.bundle.unit-test";
		};
		7B031A791E88C52000892A98 /* JSONTutorialFinalUITests */ = {
			isa = PBXNativeTarget;
			buildConfigurationList = 7B031A891E88C52000892A98 /* Build configuration list for PBXNativeTarget "JSONTutorialFinalUITests" */;
			buildPhases = (
				7B031A761E88C52000892A98 /* Sources */,
				7B031A771E88C52000892A98 /* Frameworks */,
				7B031A781E88C52000892A98 /* Resources */,
			);
			buildRules = (
			);
			dependencies = (
				7B031A7C1E88C52000892A98 /* PBXTargetDependency */,
			);
			name = JSONTutorialFinalUITests;
			productName = JSONTutorialFinalUITests;
			productReference = 7B031A7A1E88C52000892A98 /* JSONTutorialFinalUITests.xctest */;
			productType = "com.apple.product-type.bundle.ui-testing";
		};
/* End PBXNativeTarget section */

/* Begin PBXProject section */
		7B031A531E88C52000892A98 /* Project object */ = {
			isa = PBXProject;
			attributes = {
				LastSwiftUpdateCheck = 0810;
				LastUpgradeCheck = 0810;
				ORGANIZATIONNAME = "James Rochabrun";
				TargetAttributes = {
					7B031A5A1E88C52000892A98 = {
						CreatedOnToolsVersion = 8.1;
						DevelopmentTeam = ULU46F325W;
						ProvisioningStyle = Automatic;
					};
					7B031A6E1E88C52000892A98 = {
						CreatedOnToolsVersion = 8.1;
						DevelopmentTeam = ULU46F325W;
						ProvisioningStyle = Automatic;
						TestTargetID = 7B031A5A1E88C52000892A98;
					};
					7B031A791E88C52000892A98 = {
						CreatedOnToolsVersion = 8.1;
						DevelopmentTeam = ULU46F325W;
						ProvisioningStyle = Automatic;
						TestTargetID = 7B031A5A1E88C52000892A98;
					};
				};
			};
			buildConfigurationList = 7B031A561E88C52000892A98 /* Build configuration list for PBXProject "JSONTutorialFinal" */;
			compatibilityVersion = "Xcode 3.2";
			developmentRegion = English;
			hasScannedForEncodings = 0;
			knownRegions = (
				en,
				Base,
			);
			mainGroup = 7B031A521E88C52000892A98;
			productRefGroup = 7B031A5C1E88C52000892A98 /* Products */;
			projectDirPath = "";
			projectRoot = "";
			targets = (
				7B031A5A1E88C52000892A98 /* JSONTutorialFinal */,
				7B031A6E1E88C52000892A98 /* JSONTutorialFinalTests */,
				7B031A791E88C52000892A98 /* JSONTutorialFinalUITests */,
			);
		};
/* End PBXProject section */

/* Begin PBXResourcesBuildPhase section */
		7B031A591E88C52000892A98 /* Resources */ = {
			isa = PBXResourcesBuildPhase;
			buildActionMask = 2147483647;
			files = (
				7B031A691E88C52000892A98 /* LaunchScreen.storyboard in Resources */,
				7B031A661E88C52000892A98 /* Assets.xcassets in Resources */,
			);
			runOnlyForDeploymentPostprocessing = 0;
		};
		7B031A6D1E88C52000892A98 /* Resources */ = {
			isa = PBXResourcesBuildPhase;
			buildActionMask = 2147483647;
			files = (
			);
			runOnlyForDeploymentPostprocessing = 0;
		};
		7B031A781E88C52000892A98 /* Resources */ = {
			isa = PBXResourcesBuildPhase;
			buildActionMask = 2147483647;
			files = (
			);
			runOnlyForDeploymentPostprocessing = 0;
		};
/* End PBXResourcesBuildPhase section */

/* Begin PBXSourcesBuildPhase section */
		7B031A571E88C52000892A98 /* Sources */ = {
			isa = PBXSourcesBuildPhase;
			buildActionMask = 2147483647;
			files = (
				7B031A5F1E88C52000892A98 /* AppDelegate.swift in Sources */,
				7B031A971E88C9AD00892A98 /* MovieViewModel.swift in Sources */,
				7B031A911E88C58D00892A98 /* MovieFeedVC.swift in Sources */,
				7B031A951E88C5A100892A98 /* Movie.swift in Sources */,
				7B031A931E88C59900892A98 /* MovieCell.swift in Sources */,
			);
			runOnlyForDeploymentPostprocessing = 0;
		};
		7B031A6B1E88C52000892A98 /* Sources */ = {
			isa = PBXSourcesBuildPhase;
			buildActionMask = 2147483647;
			files = (
				7B031A741E88C52000892A98 /* JSONTutorialFinalTests.swift in Sources */,
			);
			runOnlyForDeploymentPostprocessing = 0;
		};
		7B031A761E88C52000892A98 /* Sources */ = {
			isa = PBXSourcesBuildPhase;
			buildActionMask = 2147483647;
			files = (
				7B031A7F1E88C52000892A98 /* JSONTutorialFinalUITests.swift in Sources */,
			);
			runOnlyForDeploymentPostprocessing = 0;
		};
/* End PBXSourcesBuildPhase section */

/* Begin PBXTargetDependency section */
		7B031A711E88C52000892A98 /* PBXTargetDependency */ = {
			isa = PBXTargetDependency;
			target = 7B031A5A1E88C52000892A98 /* JSONTutorialFinal */;
			targetProxy = 7B031A701E88C52000892A98 /* PBXContainerItemProxy */;
		};
		7B031A7C1E88C52000892A98 /* PBXTargetDependency */ = {
			isa = PBXTargetDependency;
			target = 7B031A5A1E88C52000892A98 /* JSONTutorialFinal */;
			targetProxy = 7B031A7B1E88C52000892A98 /* PBXContainerItemProxy */;
		};
/* End PBXTargetDependency section */

/* Begin PBXVariantGroup section */
		7B031A671E88C52000892A98 /* LaunchScreen.storyboard */ = {
			isa = PBXVariantGroup;
			children = (
				7B031A681E88C52000892A98 /* Base */,
			);
			name = LaunchScreen.storyboard;
			sourceTree = "<group>";
		};
/* End PBXVariantGroup section */

/* Begin XCBuildConfiguration section */
		7B031A811E88C52000892A98 /* Debug */ = {
			isa = XCBuildConfiguration;
			buildSettings = {
				ALWAYS_SEARCH_USER_PATHS = NO;
				CLANG_ANALYZER_NONNULL = YES;
				CLANG_CXX_LANGUAGE_STANDARD = "gnu++0x";
				CLANG_CXX_LIBRARY = "libc++";
				CLANG_ENABLE_MODULES = YES;
				CLANG_ENABLE_OBJC_ARC = YES;
				CLANG_WARN_BOOL_CONVERSION = YES;
				CLANG_WARN_CONSTANT_CONVERSION = YES;
				CLANG_WARN_DIRECT_OBJC_ISA_USAGE = YES_ERROR;
				CLANG_WARN_DOCUMENTATION_COMMENTS = YES;
				CLANG_WARN_EMPTY_BODY = YES;
				CLANG_WARN_ENUM_CONVERSION = YES;
				CLANG_WARN_INFINITE_RECURSION = YES;
				CLANG_WARN_INT_CONVERSION = YES;
				CLANG_WARN_OBJC_ROOT_CLASS = YES_ERROR;
				CLANG_WARN_SUSPICIOUS_MOVES = YES;
				CLANG_WARN_UNREACHABLE_CODE = YES;
				CLANG_WARN__DUPLICATE_METHOD_MATCH = YES;
				"CODE_SIGN_IDENTITY[sdk=iphoneos*]" = "iPhone Developer";
				COPY_PHASE_STRIP = NO;
				DEBUG_INFORMATION_FORMAT = dwarf;
				ENABLE_STRICT_OBJC_MSGSEND = YES;
				ENABLE_TESTABILITY = YES;
				GCC_C_LANGUAGE_STANDARD = gnu99;
				GCC_DYNAMIC_NO_PIC = NO;
				GCC_NO_COMMON_BLOCKS = YES;
				GCC_OPTIMIZATION_LEVEL = 0;
				GCC_PREPROCESSOR_DEFINITIONS = (
					"DEBUG=1",
					"$(inherited)",
				);
				GCC_WARN_64_TO_32_BIT_CONVERSION = YES;
				GCC_WARN_ABOUT_RETURN_TYPE = YES_ERROR;
				GCC_WARN_UNDECLARED_SELECTOR = YES;
				GCC_WARN_UNINITIALIZED_AUTOS = YES_AGGRESSIVE;
				GCC_WARN_UNUSED_FUNCTION = YES;
				GCC_WARN_UNUSED_VARIABLE = YES;
				IPHONEOS_DEPLOYMENT_TARGET = 10.1;
				MTL_ENABLE_DEBUG_INFO = YES;
				ONLY_ACTIVE_ARCH = YES;
				SDKROOT = iphoneos;
				SWIFT_ACTIVE_COMPILATION_CONDITIONS = DEBUG;
				SWIFT_OPTIMIZATION_LEVEL = "-Onone";
			};
			name = Debug;
		};
		7B031A821E88C52000892A98 /* Release */ = {
			isa = XCBuildConfiguration;
			buildSettings = {
				ALWAYS_SEARCH_USER_PATHS = NO;
				CLANG_ANALYZER_NONNULL = YES;
				CLANG_CXX_LANGUAGE_STANDARD = "gnu++0x";
				CLANG_CXX_LIBRARY = "libc++";
				CLANG_ENABLE_MODULES = YES;
				CLANG_ENABLE_OBJC_ARC = YES;
				CLANG_WARN_BOOL_CONVERSION = YES;
				CLANG_WARN_CONSTANT_CONVERSION = YES;
				CLANG_WARN_DIRECT_OBJC_ISA_USAGE = YES_ERROR;
				CLANG_WARN_DOCUMENTATION_COMMENTS = YES;
				CLANG_WARN_EMPTY_BODY = YES;
				CLANG_WARN_ENUM_CONVERSION = YES;
				CLANG_WARN_INFINITE_RECURSION = YES;
				CLANG_WARN_INT_CONVERSION = YES;
				CLANG_WARN_OBJC_ROOT_CLASS = YES_ERROR;
				CLANG_WARN_SUSPICIOUS_MOVES = YES;
				CLANG_WARN_UNREACHABLE_CODE = YES;
				CLANG_WARN__DUPLICATE_METHOD_MATCH = YES;
				"CODE_SIGN_IDENTITY[sdk=iphoneos*]" = "iPhone Developer";
				COPY_PHASE_STRIP = NO;
				DEBUG_INFORMATION_FORMAT = "dwarf-with-dsym";
				ENABLE_NS_ASSERTIONS = NO;
				ENABLE_STRICT_OBJC_MSGSEND = YES;
				GCC_C_LANGUAGE_STANDARD = gnu99;
				GCC_NO_COMMON_BLOCKS = YES;
				GCC_WARN_64_TO_32_BIT_CONVERSION = YES;
				GCC_WARN_ABOUT_RETURN_TYPE = YES_ERROR;
				GCC_WARN_UNDECLARED_SELECTOR = YES;
				GCC_WARN_UNINITIALIZED_AUTOS = YES_AGGRESSIVE;
				GCC_WARN_UNUSED_FUNCTION = YES;
				GCC_WARN_UNUSED_VARIABLE = YES;
				IPHONEOS_DEPLOYMENT_TARGET = 10.1;
				MTL_ENABLE_DEBUG_INFO = NO;
				SDKROOT = iphoneos;
				SWIFT_OPTIMIZATION_LEVEL = "-Owholemodule";
				VALIDATE_PRODUCT = YES;
			};
			name = Release;
		};
		7B031A841E88C52000892A98 /* Debug */ = {
			isa = XCBuildConfiguration;
			buildSettings = {
				ASSETCATALOG_COMPILER_APPICON_NAME = AppIcon;
				DEVELOPMENT_TEAM = ULU46F325W;
				INFOPLIST_FILE = JSONTutorialFinal/Info.plist;
				LD_RUNPATH_SEARCH_PATHS = "$(inherited) @executable_path/Frameworks";
				PRODUCT_BUNDLE_IDENTIFIER = com.speedelo.JSONTutorialFinal;
				PRODUCT_NAME = "$(TARGET_NAME)";
				SWIFT_VERSION = 3.0;
			};
			name = Debug;
		};
		7B031A851E88C52000892A98 /* Release */ = {
			isa = XCBuildConfiguration;
			buildSettings = {
				ASSETCATALOG_COMPILER_APPICON_NAME = AppIcon;
				DEVELOPMENT_TEAM = ULU46F325W;
				INFOPLIST_FILE = JSONTutorialFinal/Info.plist;
				LD_RUNPATH_SEARCH_PATHS = "$(inherited) @executable_path/Frameworks";
				PRODUCT_BUNDLE_IDENTIFIER = com.speedelo.JSONTutorialFinal;
				PRODUCT_NAME = "$(TARGET_NAME)";
				SWIFT_VERSION = 3.0;
			};
			name = Release;
		};
		7B031A871E88C52000892A98 /* Debug */ = {
			isa = XCBuildConfiguration;
			buildSettings = {
				ALWAYS_EMBED_SWIFT_STANDARD_LIBRARIES = YES;
				BUNDLE_LOADER = "$(TEST_HOST)";
				DEVELOPMENT_TEAM = ULU46F325W;
				INFOPLIST_FILE = JSONTutorialFinalTests/Info.plist;
				LD_RUNPATH_SEARCH_PATHS = "$(inherited) @executable_path/Frameworks @loader_path/Frameworks";
				PRODUCT_BUNDLE_IDENTIFIER = com.speedelo.JSONTutorialFinalTests;
				PRODUCT_NAME = "$(TARGET_NAME)";
				SWIFT_VERSION = 3.0;
				TEST_HOST = "$(BUILT_PRODUCTS_DIR)/JSONTutorialFinal.app/JSONTutorialFinal";
			};
			name = Debug;
		};
		7B031A881E88C52000892A98 /* Release */ = {
			isa = XCBuildConfiguration;
			buildSettings = {
				ALWAYS_EMBED_SWIFT_STANDARD_LIBRARIES = YES;
				BUNDLE_LOADER = "$(TEST_HOST)";
				DEVELOPMENT_TEAM = ULU46F325W;
				INFOPLIST_FILE = JSONTutorialFinalTests/Info.plist;
				LD_RUNPATH_SEARCH_PATHS = "$(inherited) @executable_path/Frameworks @loader_path/Frameworks";
				PRODUCT_BUNDLE_IDENTIFIER = com.speedelo.JSONTutorialFinalTests;
				PRODUCT_NAME = "$(TARGET_NAME)";
				SWIFT_VERSION = 3.0;
				TEST_HOST = "$(BUILT_PRODUCTS_DIR)/JSONTutorialFinal.app/JSONTutorialFinal";
			};
			name = Release;
		};
		7B031A8A1E88C52000892A98 /* Debug */ = {
			isa = XCBuildConfiguration;
			buildSettings = {
				ALWAYS_EMBED_SWIFT_STANDARD_LIBRARIES = YES;
				DEVELOPMENT_TEAM = ULU46F325W;
				INFOPLIST_FILE = JSONTutorialFinalUITests/Info.plist;
				LD_RUNPATH_SEARCH_PATHS = "$(inherited) @executable_path/Frameworks @loader_path/Frameworks";
				PRODUCT_BUNDLE_IDENTIFIER = com.speedelo.JSONTutorialFinalUITests;
				PRODUCT_NAME = "$(TARGET_NAME)";
				SWIFT_VERSION = 3.0;
				TEST_TARGET_NAME = JSONTutorialFinal;
			};
			name = Debug;
		};
		7B031A8B1E88C52000892A98 /* Release */ = {
			isa = XCBuildConfiguration;
			buildSettings = {
				ALWAYS_EMBED_SWIFT_STANDARD_LIBRARIES = YES;
				DEVELOPMENT_TEAM = ULU46F325W;
				INFOPLIST_FILE = JSONTutorialFinalUITests/Info.plist;
				LD_RUNPATH_SEARCH_PATHS = "$(inherited) @executable_path/Frameworks @loader_path/Frameworks";
				PRODUCT_BUNDLE_IDENTIFIER = com.speedelo.JSONTutorialFinalUITests;
				PRODUCT_NAME = "$(TARGET_NAME)";
				SWIFT_VERSION = 3.0;
				TEST_TARGET_NAME = JSONTutorialFinal;
			};
			name = Release;
		};
/* End XCBuildConfiguration section */

/* Begin XCConfigurationList section */
		7B031A561E88C52000892A98 /* Build configuration list for PBXProject "JSONTutorialFinal" */ = {
			isa = XCConfigurationList;
			buildConfigurations = (
				7B031A811E88C52000892A98 /* Debug */,
				7B031A821E88C52000892A98 /* Release */,
			);
			defaultConfigurationIsVisible = 0;
			defaultConfigurationName = Release;
		};
		7B031A831E88C52000892A98 /* Build configuration list for PBXNativeTarget "JSONTutorialFinal" */ = {
			isa = XCConfigurationList;
			buildConfigurations = (
				7B031A841E88C52000892A98 /* Debug */,
				7B031A851E88C52000892A98 /* Release */,
			);
			defaultConfigurationIsVisible = 0;
		};
		7B031A861E88C52000892A98 /* Build configuration list for PBXNativeTarget "JSONTutorialFinalTests" */ = {
			isa = XCConfigurationList;
			buildConfigurations = (
				7B031A871E88C52000892A98 /* Debug */,
				7B031A881E88C52000892A98 /* Release */,
			);
			defaultConfigurationIsVisible = 0;
		};
		7B031A891E88C52000892A98 /* Build configuration list for PBXNativeTarget "JSONTutorialFinalUITests" */ = {
			isa = XCConfigurationList;
			buildConfigurations = (
				7B031A8A1E88C52000892A98 /* Debug */,
				7B031A8B1E88C52000892A98 /* Release */,
			);
			defaultConfigurationIsVisible = 0;
		};
/* End XCConfigurationList section */
	};
	rootObject = 7B031A531E88C52000892A98 /* Project object */;
}
